// !$*UTF8*$!
{
	archiveVersion = 1;
	classes = {
	};
	objectVersion = 45;
	objects = {

/* Begin PBXBuildFile section */
		6B2C4D2C11A209500051952E /* mix_instr_decode_test.c in Sources */ = {isa = PBXBuildFile; fileRef = 6B2C4D2B11A209500051952E /* mix_instr_decode_test.c */; };
		6B2C4D8A11A21A770051952E /* mix_instr_decode.c in Sources */ = {isa = PBXBuildFile; fileRef = 6B2C4D3C11A20B4F0051952E /* mix_instr_decode.c */; };
		6B2C4D8B11A21A7A0051952E /* mix_instr_decode.h in Headers */ = {isa = PBXBuildFile; fileRef = 6B2C4D3B11A20B4F0051952E /* mix_instr_decode.h */; };
		6B5B7455119E6B260045C0B7 /* libcheck.a in Frameworks */ = {isa = PBXBuildFile; fileRef = 6B5B7454119E6B260045C0B7 /* libcheck.a */; };
		6B5B7465119E6D550045C0B7 /* liblibMIXsim.a in Frameworks */ = {isa = PBXBuildFile; fileRef = 6B5B740C119E32660045C0B7 /* liblibMIXsim.a */; };
		6B5B7473119E6FA50045C0B7 /* liblibMIXsim.a in Frameworks */ = {isa = PBXBuildFile; fileRef = 6B5B740C119E32660045C0B7 /* liblibMIXsim.a */; };
		6B5B7527119F28B70045C0B7 /* mix_assembler.h in Headers */ = {isa = PBXBuildFile; fileRef = 6B5B7525119F28B70045C0B7 /* mix_assembler.h */; };
		6B5B7528119F28B70045C0B7 /* mix_assembler.c in Sources */ = {isa = PBXBuildFile; fileRef = 6B5B7526119F28B70045C0B7 /* mix_assembler.c */; };
		6B5B753F119F2B440045C0B7 /* mix_word.c in Sources */ = {isa = PBXBuildFile; fileRef = 6B5B74AE119E795D0045C0B7 /* mix_word.c */; };
		6B69D76A11AA41E9007D5BA8 /* MIXsimTestMain.c in Sources */ = {isa = PBXBuildFile; fileRef = 6B69D76911AA41E9007D5BA8 /* MIXsimTestMain.c */; };
		6B69D77311AA4233007D5BA8 /* MIXwordTest.c in Sources */ = {isa = PBXBuildFile; fileRef = 6B69D76F11AA4233007D5BA8 /* MIXwordTest.c */; };
		6B69D77411AA4233007D5BA8 /* MIXassemblerTest.c in Sources */ = {isa = PBXBuildFile; fileRef = 6B69D77011AA4233007D5BA8 /* MIXassemblerTest.c */; };
		6BB5C92911B186FD00C3E59D /* mixparseTest.c in Sources */ = {isa = PBXBuildFile; fileRef = 6BB5C92811B186FD00C3E59D /* mixparseTest.c */; };
		6BB5C94411B18AC700C3E59D /* mixtest_lexer_helper.c in Sources */ = {isa = PBXBuildFile; fileRef = 6BB5C94311B18AC700C3E59D /* mixtest_lexer_helper.c */; };
		6BD1CFCB11ACCE6300838507 /* halt.mix in CopyFiles */ = {isa = PBXBuildFile; fileRef = 6BF32EC811A0689D00AAC892 /* halt.mix */; };
		6BD1CFCC11ACCE6300838507 /* halt.mixal in CopyFiles */ = {isa = PBXBuildFile; fileRef = 6BD1CFC911ACCB2E00838507 /* halt.mixal */; };
		6BD1CFF111ACD00200838507 /* MIXas.c in Sources */ = {isa = PBXBuildFile; fileRef = 6BD1CFF011ACD00200838507 /* MIXas.c */; };
		6BD1D35211AE37C200838507 /* mixal.y in Sources */ = {isa = PBXBuildFile; fileRef = 6BD1D35111AE37C200838507 /* mixal.y */; };
		6BD1D38911AE45AB00838507 /* mixlex.c in Sources */ = {isa = PBXBuildFile; fileRef = 6BD1D38811AE45AB00838507 /* mixlex.c */; };
		6BD1D3AB11AE4AD900838507 /* libcheck.a in Frameworks */ = {isa = PBXBuildFile; fileRef = 6B5B7454119E6B260045C0B7 /* libcheck.a */; };
		6BD1D3AE11AE4B4C00838507 /* MIXasTest.c in Sources */ = {isa = PBXBuildFile; fileRef = 6BD1D3AD11AE4B4C00838507 /* MIXasTest.c */; };
		6BD1D3B111AE4BAF00838507 /* mixlexTest.c in Sources */ = {isa = PBXBuildFile; fileRef = 6BD1D3B011AE4BAF00838507 /* mixlexTest.c */; };
		6BD1D3C611AE4CFC00838507 /* mixal.y in Sources */ = {isa = PBXBuildFile; fileRef = 6BD1D35111AE37C200838507 /* mixal.y */; };
		6BD1D3C711AE4CFC00838507 /* mixlex.c in Sources */ = {isa = PBXBuildFile; fileRef = 6BD1D38811AE45AB00838507 /* mixlex.c */; };
		6BF32D1B119F8CD900AAC892 /* MIXmachineTest.c in Sources */ = {isa = PBXBuildFile; fileRef = 6BF32D1A119F8CD900AAC892 /* MIXmachineTest.c */; };
		6BF32D28119F8FA700AAC892 /* mix_machine.h in Headers */ = {isa = PBXBuildFile; fileRef = 6BF32D26119F8FA700AAC892 /* mix_machine.h */; };
		6BF32D29119F8FA700AAC892 /* mix_machine.c in Sources */ = {isa = PBXBuildFile; fileRef = 6BF32D27119F8FA700AAC892 /* mix_machine.c */; };
		6BF32DAC119FBFE200AAC892 /* mix_opcodes.h in Headers */ = {isa = PBXBuildFile; fileRef = 6BF32DAB119FBFE200AAC892 /* mix_opcodes.h */; };
		6BF32EA411A0615600AAC892 /* program_p.mix in CopyFiles */ = {isa = PBXBuildFile; fileRef = 6BF32EA111A05F4900AAC892 /* program_p.mix */; };
		6BF32EA511A0615600AAC892 /* program_p.loadtest_output in CopyFiles */ = {isa = PBXBuildFile; fileRef = 6BF32EA311A0610100AAC892 /* program_p.loadtest_output */; };
		6BF32ECB11A0699000AAC892 /* halt.mix in CopyFiles */ = {isa = PBXBuildFile; fileRef = 6BF32EC811A0689D00AAC892 /* halt.mix */; };
		6BF32ED911A06A8400AAC892 /* halt.output in CopyFiles */ = {isa = PBXBuildFile; fileRef = 6BF32ED611A06A7000AAC892 /* halt.output */; };
		6BF32F0F11A077C700AAC892 /* mix_device.h in Headers */ = {isa = PBXBuildFile; fileRef = 6BF32F0D11A077C700AAC892 /* mix_device.h */; };
		6BF32F1011A077C700AAC892 /* mix_device.c in Sources */ = {isa = PBXBuildFile; fileRef = 6BF32F0E11A077C700AAC892 /* mix_device.c */; };
		6BF32FB211A09C4E00AAC892 /* mix_device_test.c in Sources */ = {isa = PBXBuildFile; fileRef = 6BF32FB111A09C4E00AAC892 /* mix_device_test.c */; };
		6BF3303911A0A92C00AAC892 /* mix_instructions_test.c in Sources */ = {isa = PBXBuildFile; fileRef = 6BF3303811A0A92C00AAC892 /* mix_instructions_test.c */; };
		8DD76FAC0486AB0100D96B5E /* MIXsim.c in Sources */ = {isa = PBXBuildFile; fileRef = 08FB7796FE84155DC02AAC07 /* MIXsim.c */; settings = {ATTRIBUTES = (); }; };
		8DD76FB00486AB0100D96B5E /* MIXsim.1 in CopyFiles */ = {isa = PBXBuildFile; fileRef = C6A0FF2C0290799A04C91782 /* MIXsim.1 */; };
/* End PBXBuildFile section */

/* Begin PBXContainerItemProxy section */
		6B5B7427119E33A40045C0B7 /* PBXContainerItemProxy */ = {
			isa = PBXContainerItemProxy;
			containerPortal = 08FB7793FE84155DC02AAC07 /* Project object */;
			proxyType = 1;
			remoteGlobalIDString = 6B5B740B119E32660045C0B7;
			remoteInfo = libMIXsim;
		};
		6B5B7429119E33B80045C0B7 /* PBXContainerItemProxy */ = {
			isa = PBXContainerItemProxy;
			containerPortal = 08FB7793FE84155DC02AAC07 /* Project object */;
			proxyType = 1;
			remoteGlobalIDString = 6B5B740B119E32660045C0B7;
			remoteInfo = libMIXsim;
		};
		6B5B742B119E33B80045C0B7 /* PBXContainerItemProxy */ = {
			isa = PBXContainerItemProxy;
			containerPortal = 08FB7793FE84155DC02AAC07 /* Project object */;
			proxyType = 1;
			remoteGlobalIDString = 6B5B7422119E339B0045C0B7;
			remoteInfo = libMIXsimTest;
		};
		6BD1D3DF11AE515500838507 /* PBXContainerItemProxy */ = {
			isa = PBXContainerItemProxy;
			containerPortal = 08FB7793FE84155DC02AAC07 /* Project object */;
			proxyType = 1;
			remoteGlobalIDString = 6BD1D3A511AE4AB300838507;
			remoteInfo = MIXasTest;
		};
/* End PBXContainerItemProxy section */

/* Begin PBXCopyFilesBuildPhase section */
		6B5B74E8119F23650045C0B7 /* CopyFiles */ = {
			isa = PBXCopyFilesBuildPhase;
			buildActionMask = 2147483647;
			dstPath = "";
			dstSubfolderSpec = 16;
			files = (
				6BF32ED911A06A8400AAC892 /* halt.output in CopyFiles */,
				6BF32ECB11A0699000AAC892 /* halt.mix in CopyFiles */,
				6BF32EA411A0615600AAC892 /* program_p.mix in CopyFiles */,
				6BF32EA511A0615600AAC892 /* program_p.loadtest_output in CopyFiles */,
			);
			runOnlyForDeploymentPostprocessing = 0;
		};
		6BD1CFCF11ACCE8B00838507 /* CopyFiles */ = {
			isa = PBXCopyFilesBuildPhase;
			buildActionMask = 2147483647;
			dstPath = "";
			dstSubfolderSpec = 16;
			files = (
				6BD1CFCB11ACCE6300838507 /* halt.mix in CopyFiles */,
				6BD1CFCC11ACCE6300838507 /* halt.mixal in CopyFiles */,
			);
			runOnlyForDeploymentPostprocessing = 0;
		};
		8DD76FAF0486AB0100D96B5E /* CopyFiles */ = {
			isa = PBXCopyFilesBuildPhase;
			buildActionMask = 8;
			dstPath = /usr/share/man/man1/;
			dstSubfolderSpec = 0;
			files = (
				8DD76FB00486AB0100D96B5E /* MIXsim.1 in CopyFiles */,
			);
			runOnlyForDeploymentPostprocessing = 1;
		};
/* End PBXCopyFilesBuildPhase section */

/* Begin PBXFileReference section */
		08FB7796FE84155DC02AAC07 /* MIXsim.c */ = {isa = PBXFileReference; fileEncoding = 4; lastKnownFileType = sourcecode.c.c; path = MIXsim.c; sourceTree = "<group>"; };
		6B2C4D2A11A209500051952E /* mix_instr_decode_test.h */ = {isa = PBXFileReference; fileEncoding = 4; lastKnownFileType = sourcecode.c.h; name = mix_instr_decode_test.h; path = unittests/mix_instr_decode_test.h; sourceTree = "<group>"; };
		6B2C4D2B11A209500051952E /* mix_instr_decode_test.c */ = {isa = PBXFileReference; fileEncoding = 4; lastKnownFileType = sourcecode.c.c; name = mix_instr_decode_test.c; path = unittests/mix_instr_decode_test.c; sourceTree = "<group>"; };
		6B2C4D3B11A20B4F0051952E /* mix_instr_decode.h */ = {isa = PBXFileReference; fileEncoding = 4; lastKnownFileType = sourcecode.c.h; path = mix_instr_decode.h; sourceTree = "<group>"; };
		6B2C4D3C11A20B4F0051952E /* mix_instr_decode.c */ = {isa = PBXFileReference; fileEncoding = 4; lastKnownFileType = sourcecode.c.c; path = mix_instr_decode.c; sourceTree = "<group>"; };
		6B2C4E6E11A2345F0051952E /* README */ = {isa = PBXFileReference; fileEncoding = 4; lastKnownFileType = text; path = README; sourceTree = "<group>"; };
		6B2C4E7111A237E10051952E /* LICENSE */ = {isa = PBXFileReference; fileEncoding = 4; lastKnownFileType = text; path = LICENSE; sourceTree = "<group>"; };
		6B5B740C119E32660045C0B7 /* liblibMIXsim.a */ = {isa = PBXFileReference; explicitFileType = archive.ar; includeInIndex = 0; path = liblibMIXsim.a; sourceTree = BUILT_PRODUCTS_DIR; };
		6B5B7423119E339B0045C0B7 /* libMIXsimTest */ = {isa = PBXFileReference; explicitFileType = "compiled.mach-o.executable"; includeInIndex = 0; path = libMIXsimTest; sourceTree = BUILT_PRODUCTS_DIR; };
		6B5B7454119E6B260045C0B7 /* libcheck.a */ = {isa = PBXFileReference; lastKnownFileType = archive.ar; name = libcheck.a; path = /opt/local/lib/libcheck.a; sourceTree = "<absolute>"; };
		6B5B7499119E77120045C0B7 /* TODO */ = {isa = PBXFileReference; fileEncoding = 4; lastKnownFileType = text; path = TODO; sourceTree = "<group>"; };
		6B5B74AD119E795D0045C0B7 /* mix_word.h */ = {isa = PBXFileReference; fileEncoding = 4; lastKnownFileType = sourcecode.c.h; path = mix_word.h; sourceTree = "<group>"; };
		6B5B74AE119E795D0045C0B7 /* mix_word.c */ = {isa = PBXFileReference; fileEncoding = 4; lastKnownFileType = sourcecode.c.c; path = mix_word.c; sourceTree = "<group>"; };
		6B5B7525119F28B70045C0B7 /* mix_assembler.h */ = {isa = PBXFileReference; fileEncoding = 4; lastKnownFileType = sourcecode.c.h; path = mix_assembler.h; sourceTree = "<group>"; };
		6B5B7526119F28B70045C0B7 /* mix_assembler.c */ = {isa = PBXFileReference; fileEncoding = 4; lastKnownFileType = sourcecode.c.c; path = mix_assembler.c; sourceTree = "<group>"; };
		6B69D76911AA41E9007D5BA8 /* MIXsimTestMain.c */ = {isa = PBXFileReference; fileEncoding = 4; lastKnownFileType = sourcecode.c.c; name = MIXsimTestMain.c; path = unittests/MIXsimTestMain.c; sourceTree = "<group>"; };
		6B69D76F11AA4233007D5BA8 /* MIXwordTest.c */ = {isa = PBXFileReference; fileEncoding = 4; lastKnownFileType = sourcecode.c.c; name = MIXwordTest.c; path = unittests/MIXwordTest.c; sourceTree = "<group>"; };
		6B69D77011AA4233007D5BA8 /* MIXassemblerTest.c */ = {isa = PBXFileReference; fileEncoding = 4; lastKnownFileType = sourcecode.c.c; name = MIXassemblerTest.c; path = unittests/MIXassemblerTest.c; sourceTree = "<group>"; };
		6B69D77111AA4233007D5BA8 /* MIXassemblerTest.h */ = {isa = PBXFileReference; fileEncoding = 4; lastKnownFileType = sourcecode.c.h; name = MIXassemblerTest.h; path = unittests/MIXassemblerTest.h; sourceTree = "<group>"; };
		6B69D77211AA4233007D5BA8 /* MIXwordTest.h */ = {isa = PBXFileReference; fileEncoding = 4; lastKnownFileType = sourcecode.c.h; name = MIXwordTest.h; path = unittests/MIXwordTest.h; sourceTree = "<group>"; };
		6BB5C92711B186FD00C3E59D /* mixparseTest.h */ = {isa = PBXFileReference; fileEncoding = 4; lastKnownFileType = sourcecode.c.h; name = mixparseTest.h; path = unittests/mixparseTest.h; sourceTree = "<group>"; };
		6BB5C92811B186FD00C3E59D /* mixparseTest.c */ = {isa = PBXFileReference; fileEncoding = 4; lastKnownFileType = sourcecode.c.c; name = mixparseTest.c; path = unittests/mixparseTest.c; sourceTree = "<group>"; };
		6BB5C94211B18AC700C3E59D /* mixtest_lexer_helper.h */ = {isa = PBXFileReference; fileEncoding = 4; lastKnownFileType = sourcecode.c.h; name = mixtest_lexer_helper.h; path = MIXas/unittests/mixtest_lexer_helper.h; sourceTree = "<group>"; };
		6BB5C94311B18AC700C3E59D /* mixtest_lexer_helper.c */ = {isa = PBXFileReference; fileEncoding = 4; lastKnownFileType = sourcecode.c.c; name = mixtest_lexer_helper.c; path = MIXas/unittests/mixtest_lexer_helper.c; sourceTree = "<group>"; };
		6BD1CFC911ACCB2E00838507 /* halt.mixal */ = {isa = PBXFileReference; fileEncoding = 4; lastKnownFileType = text; name = halt.mixal; path = testdata/halt.mixal; sourceTree = "<group>"; };
		6BD1CFF011ACD00200838507 /* MIXas.c */ = {isa = PBXFileReference; fileEncoding = 4; lastKnownFileType = sourcecode.c.c; name = MIXas.c; path = MIXas/MIXas.c; sourceTree = "<group>"; };
		6BD1D35111AE37C200838507 /* mixal.y */ = {isa = PBXFileReference; fileEncoding = 4; lastKnownFileType = sourcecode.yacc; name = mixal.y; path = MIXas/mixal.y; sourceTree = "<group>"; };
		6BD1D38711AE45AB00838507 /* mixlex.h */ = {isa = PBXFileReference; fileEncoding = 4; lastKnownFileType = sourcecode.c.h; name = mixlex.h; path = MIXas/mixlex.h; sourceTree = "<group>"; };
		6BD1D38811AE45AB00838507 /* mixlex.c */ = {isa = PBXFileReference; fileEncoding = 4; lastKnownFileType = sourcecode.c.c; name = mixlex.c; path = MIXas/mixlex.c; sourceTree = "<group>"; };
		6BD1D3A611AE4AB300838507 /* MIXasTest */ = {isa = PBXFileReference; explicitFileType = "compiled.mach-o.executable"; includeInIndex = 0; path = MIXasTest; sourceTree = BUILT_PRODUCTS_DIR; };
		6BD1D3AD11AE4B4C00838507 /* MIXasTest.c */ = {isa = PBXFileReference; fileEncoding = 4; lastKnownFileType = sourcecode.c.c; name = MIXasTest.c; path = MIXas/unittests/MIXasTest.c; sourceTree = "<group>"; };
		6BD1D3AF11AE4BAF00838507 /* mixlexTest.h */ = {isa = PBXFileReference; fileEncoding = 4; lastKnownFileType = sourcecode.c.h; name = mixlexTest.h; path = MIXas/unittests/mixlexTest.h; sourceTree = "<group>"; };
		6BD1D3B011AE4BAF00838507 /* mixlexTest.c */ = {isa = PBXFileReference; fileEncoding = 4; lastKnownFileType = sourcecode.c.c; name = mixlexTest.c; path = MIXas/unittests/mixlexTest.c; sourceTree = "<group>"; };
		6BF32D19119F8CD900AAC892 /* MIXmachineTest.h */ = {isa = PBXFileReference; fileEncoding = 4; lastKnownFileType = sourcecode.c.h; name = MIXmachineTest.h; path = unittests/MIXmachineTest.h; sourceTree = "<group>"; };
		6BF32D1A119F8CD900AAC892 /* MIXmachineTest.c */ = {isa = PBXFileReference; fileEncoding = 4; lastKnownFileType = sourcecode.c.c; name = MIXmachineTest.c; path = unittests/MIXmachineTest.c; sourceTree = "<group>"; };
		6BF32D26119F8FA700AAC892 /* mix_machine.h */ = {isa = PBXFileReference; fileEncoding = 4; lastKnownFileType = sourcecode.c.h; path = mix_machine.h; sourceTree = "<group>"; };
		6BF32D27119F8FA700AAC892 /* mix_machine.c */ = {isa = PBXFileReference; fileEncoding = 4; lastKnownFileType = sourcecode.c.c; path = mix_machine.c; sourceTree = "<group>"; };
		6BF32DAB119FBFE200AAC892 /* mix_opcodes.h */ = {isa = PBXFileReference; fileEncoding = 4; lastKnownFileType = sourcecode.c.h; path = mix_opcodes.h; sourceTree = "<group>"; };
		6BF32E6F11A0554800AAC892 /* MIXas */ = {isa = PBXFileReference; explicitFileType = "compiled.mach-o.executable"; includeInIndex = 0; path = MIXas; sourceTree = BUILT_PRODUCTS_DIR; };
		6BF32E9811A057B000AAC892 /* program_p.mixal */ = {isa = PBXFileReference; fileEncoding = 4; lastKnownFileType = text; name = program_p.mixal; path = testdata/program_p.mixal; sourceTree = "<group>"; };
		6BF32EA111A05F4900AAC892 /* program_p.mix */ = {isa = PBXFileReference; fileEncoding = 4; lastKnownFileType = text; name = program_p.mix; path = testdata/program_p.mix; sourceTree = "<group>"; };
		6BF32EA311A0610100AAC892 /* program_p.loadtest_output */ = {isa = PBXFileReference; fileEncoding = 4; lastKnownFileType = text; name = program_p.loadtest_output; path = testdata/program_p.loadtest_output; sourceTree = "<group>"; };
		6BF32EC811A0689D00AAC892 /* halt.mix */ = {isa = PBXFileReference; fileEncoding = 4; lastKnownFileType = text; name = halt.mix; path = testdata/halt.mix; sourceTree = "<group>"; };
		6BF32ED611A06A7000AAC892 /* halt.output */ = {isa = PBXFileReference; fileEncoding = 4; lastKnownFileType = text; name = halt.output; path = testdata/halt.output; sourceTree = "<group>"; };
		6BF32F0D11A077C700AAC892 /* mix_device.h */ = {isa = PBXFileReference; fileEncoding = 4; lastKnownFileType = sourcecode.c.h; path = mix_device.h; sourceTree = "<group>"; };
		6BF32F0E11A077C700AAC892 /* mix_device.c */ = {isa = PBXFileReference; fileEncoding = 4; lastKnownFileType = sourcecode.c.c; path = mix_device.c; sourceTree = "<group>"; };
		6BF32FB011A09C4E00AAC892 /* mix_device_test.h */ = {isa = PBXFileReference; fileEncoding = 4; lastKnownFileType = sourcecode.c.h; name = mix_device_test.h; path = unittests/mix_device_test.h; sourceTree = "<group>"; };
		6BF32FB111A09C4E00AAC892 /* mix_device_test.c */ = {isa = PBXFileReference; fileEncoding = 4; lastKnownFileType = sourcecode.c.c; name = mix_device_test.c; path = unittests/mix_device_test.c; sourceTree = "<group>"; };
		6BF3303711A0A92C00AAC892 /* mix_instructions_test.h */ = {isa = PBXFileReference; fileEncoding = 4; lastKnownFileType = sourcecode.c.h; name = mix_instructions_test.h; path = unittests/mix_instructions_test.h; sourceTree = "<group>"; };
		6BF3303811A0A92C00AAC892 /* mix_instructions_test.c */ = {isa = PBXFileReference; fileEncoding = 4; lastKnownFileType = sourcecode.c.c; name = mix_instructions_test.c; path = unittests/mix_instructions_test.c; sourceTree = "<group>"; };
		8DD76FB20486AB0100D96B5E /* MIXsim */ = {isa = PBXFileReference; explicitFileType = "compiled.mach-o.executable"; includeInIndex = 0; path = MIXsim; sourceTree = BUILT_PRODUCTS_DIR; };
		C6A0FF2C0290799A04C91782 /* MIXsim.1 */ = {isa = PBXFileReference; lastKnownFileType = text.man; path = MIXsim.1; sourceTree = "<group>"; };
/* End PBXFileReference section */

/* Begin PBXFrameworksBuildPhase section */
		6B5B740A119E32660045C0B7 /* Frameworks */ = {
			isa = PBXFrameworksBuildPhase;
			buildActionMask = 2147483647;
			files = (
			);
			runOnlyForDeploymentPostprocessing = 0;
		};
		6B5B7421119E339B0045C0B7 /* Frameworks */ = {
			isa = PBXFrameworksBuildPhase;
			buildActionMask = 2147483647;
			files = (
				6B5B7455119E6B260045C0B7 /* libcheck.a in Frameworks */,
				6B5B7465119E6D550045C0B7 /* liblibMIXsim.a in Frameworks */,
			);
			runOnlyForDeploymentPostprocessing = 0;
		};
		6BD1D3A411AE4AB300838507 /* Frameworks */ = {
			isa = PBXFrameworksBuildPhase;
			buildActionMask = 2147483647;
			files = (
				6BD1D3AB11AE4AD900838507 /* libcheck.a in Frameworks */,
			);
			runOnlyForDeploymentPostprocessing = 0;
		};
		6BF32E6D11A0554800AAC892 /* Frameworks */ = {
			isa = PBXFrameworksBuildPhase;
			buildActionMask = 2147483647;
			files = (
			);
			runOnlyForDeploymentPostprocessing = 0;
		};
		8DD76FAD0486AB0100D96B5E /* Frameworks */ = {
			isa = PBXFrameworksBuildPhase;
			buildActionMask = 2147483647;
			files = (
				6B5B7473119E6FA50045C0B7 /* liblibMIXsim.a in Frameworks */,
			);
			runOnlyForDeploymentPostprocessing = 0;
		};
/* End PBXFrameworksBuildPhase section */

/* Begin PBXGroup section */
		08FB7794FE84155DC02AAC07 /* MIXsim */ = {
			isa = PBXGroup;
			children = (
				6BD1D3AC11AE4AF600838507 /* MIXasTest */,
				6BD1CFEF11ACCFE000838507 /* MIXas */,
				6B5B74CA119F105D0045C0B7 /* Test files */,
				6B5B7417119E32D00045C0B7 /* libMIXsimTest */,
				6B5B740F119E327D0045C0B7 /* libMIXsim */,
				08FB7795FE84155DC02AAC07 /* Source */,
				C6A0FF2B0290797F04C91782 /* Documentation */,
				1AB674ADFE9D54B511CA2CBB /* Products */,
				6B5B7454119E6B260045C0B7 /* libcheck.a */,
			);
			name = MIXsim;
			sourceTree = "<group>";
		};
		08FB7795FE84155DC02AAC07 /* Source */ = {
			isa = PBXGroup;
			children = (
				08FB7796FE84155DC02AAC07 /* MIXsim.c */,
			);
			name = Source;
			sourceTree = "<group>";
		};
		1AB674ADFE9D54B511CA2CBB /* Products */ = {
			isa = PBXGroup;
			children = (
				8DD76FB20486AB0100D96B5E /* MIXsim */,
				6B5B740C119E32660045C0B7 /* liblibMIXsim.a */,
				6B5B7423119E339B0045C0B7 /* libMIXsimTest */,
				6BF32E6F11A0554800AAC892 /* MIXas */,
				6BD1D3A611AE4AB300838507 /* MIXasTest */,
			);
			name = Products;
			sourceTree = "<group>";
		};
		6B5B740F119E327D0045C0B7 /* libMIXsim */ = {
			isa = PBXGroup;
			children = (
				6B5B74AD119E795D0045C0B7 /* mix_word.h */,
				6B5B74AE119E795D0045C0B7 /* mix_word.c */,
				6B5B7525119F28B70045C0B7 /* mix_assembler.h */,
				6B5B7526119F28B70045C0B7 /* mix_assembler.c */,
				6BF32D26119F8FA700AAC892 /* mix_machine.h */,
				6BF32D27119F8FA700AAC892 /* mix_machine.c */,
				6BF32DAB119FBFE200AAC892 /* mix_opcodes.h */,
				6BF32F0D11A077C700AAC892 /* mix_device.h */,
				6BF32F0E11A077C700AAC892 /* mix_device.c */,
				6B2C4D3B11A20B4F0051952E /* mix_instr_decode.h */,
				6B2C4D3C11A20B4F0051952E /* mix_instr_decode.c */,
			);
			name = libMIXsim;
			sourceTree = "<group>";
		};
		6B5B7417119E32D00045C0B7 /* libMIXsimTest */ = {
			isa = PBXGroup;
			children = (
				6B69D76F11AA4233007D5BA8 /* MIXwordTest.c */,
				6B69D77011AA4233007D5BA8 /* MIXassemblerTest.c */,
				6B69D77111AA4233007D5BA8 /* MIXassemblerTest.h */,
				6B69D77211AA4233007D5BA8 /* MIXwordTest.h */,
				6B69D76911AA41E9007D5BA8 /* MIXsimTestMain.c */,
				6BF32D19119F8CD900AAC892 /* MIXmachineTest.h */,
				6BF32D1A119F8CD900AAC892 /* MIXmachineTest.c */,
				6BF32FB011A09C4E00AAC892 /* mix_device_test.h */,
				6BF32FB111A09C4E00AAC892 /* mix_device_test.c */,
				6BF3303711A0A92C00AAC892 /* mix_instructions_test.h */,
				6BF3303811A0A92C00AAC892 /* mix_instructions_test.c */,
				6B2C4D2A11A209500051952E /* mix_instr_decode_test.h */,
				6B2C4D2B11A209500051952E /* mix_instr_decode_test.c */,
			);
			name = libMIXsimTest;
			sourceTree = "<group>";
		};
		6B5B74CA119F105D0045C0B7 /* Test files */ = {
			isa = PBXGroup;
			children = (
				6BF32EA111A05F4900AAC892 /* program_p.mix */,
				6BF32E9811A057B000AAC892 /* program_p.mixal */,
				6BF32EA311A0610100AAC892 /* program_p.loadtest_output */,
				6BF32EC811A0689D00AAC892 /* halt.mix */,
				6BF32ED611A06A7000AAC892 /* halt.output */,
				6BD1CFC911ACCB2E00838507 /* halt.mixal */,
			);
			name = "Test files";
			sourceTree = "<group>";
		};
		6BD1CFEF11ACCFE000838507 /* MIXas */ = {
			isa = PBXGroup;
			children = (
				6BD1CFF011ACD00200838507 /* MIXas.c */,
				6BD1D35111AE37C200838507 /* mixal.y */,
				6BD1D38711AE45AB00838507 /* mixlex.h */,
				6BD1D38811AE45AB00838507 /* mixlex.c */,
			);
			name = MIXas;
			sourceTree = "<group>";
		};
		6BD1D3AC11AE4AF600838507 /* MIXasTest */ = {
			isa = PBXGroup;
			children = (
				6BD1D3AD11AE4B4C00838507 /* MIXasTest.c */,
				6BD1D3AF11AE4BAF00838507 /* mixlexTest.h */,
				6BD1D3B011AE4BAF00838507 /* mixlexTest.c */,
				6BB5C92711B186FD00C3E59D /* mixparseTest.h */,
				6BB5C92811B186FD00C3E59D /* mixparseTest.c */,
				6BB5C94211B18AC700C3E59D /* mixtest_lexer_helper.h */,
				6BB5C94311B18AC700C3E59D /* mixtest_lexer_helper.c */,
			);
			name = MIXasTest;
			sourceTree = "<group>";
		};
		C6A0FF2B0290797F04C91782 /* Documentation */ = {
			isa = PBXGroup;
			children = (
				6B2C4E6E11A2345F0051952E /* README */,
				6B2C4E7111A237E10051952E /* LICENSE */,
				C6A0FF2C0290799A04C91782 /* MIXsim.1 */,
				6B5B7499119E77120045C0B7 /* TODO */,
			);
			name = Documentation;
			sourceTree = "<group>";
		};
/* End PBXGroup section */

/* Begin PBXHeadersBuildPhase section */
		6B5B7408119E32660045C0B7 /* Headers */ = {
			isa = PBXHeadersBuildPhase;
			buildActionMask = 2147483647;
			files = (
				6B2C4D8B11A21A7A0051952E /* mix_instr_decode.h in Headers */,
				6B5B7527119F28B70045C0B7 /* mix_assembler.h in Headers */,
				6BF32D28119F8FA700AAC892 /* mix_machine.h in Headers */,
				6BF32DAC119FBFE200AAC892 /* mix_opcodes.h in Headers */,
				6BF32F0F11A077C700AAC892 /* mix_device.h in Headers */,
			);
			runOnlyForDeploymentPostprocessing = 0;
		};
/* End PBXHeadersBuildPhase section */

/* Begin PBXNativeTarget section */
		6B5B740B119E32660045C0B7 /* libMIXsim */ = {
			isa = PBXNativeTarget;
			buildConfigurationList = 6B5B7410119E327D0045C0B7 /* Build configuration list for PBXNativeTarget "libMIXsim" */;
			buildPhases = (
				6B5B7408119E32660045C0B7 /* Headers */,
				6B5B7409119E32660045C0B7 /* Sources */,
				6B5B740A119E32660045C0B7 /* Frameworks */,
			);
			buildRules = (
			);
			dependencies = (
			);
			name = libMIXsim;
			productName = libMIXsim;
			productReference = 6B5B740C119E32660045C0B7 /* liblibMIXsim.a */;
			productType = "com.apple.product-type.library.static";
		};
		6B5B7422119E339B0045C0B7 /* libMIXsimTest */ = {
			isa = PBXNativeTarget;
			buildConfigurationList = 6B5B7430119E33FE0045C0B7 /* Build configuration list for PBXNativeTarget "libMIXsimTest" */;
			buildPhases = (
				6B5B7420119E339B0045C0B7 /* Sources */,
				6B5B7421119E339B0045C0B7 /* Frameworks */,
			);
			buildRules = (
			);
			dependencies = (
				6B5B7428119E33A40045C0B7 /* PBXTargetDependency */,
			);
			name = libMIXsimTest;
			productName = libMIXsimTest;
			productReference = 6B5B7423119E339B0045C0B7 /* libMIXsimTest */;
			productType = "com.apple.product-type.tool";
		};
		6BD1D3A511AE4AB300838507 /* MIXasTest */ = {
			isa = PBXNativeTarget;
			buildConfigurationList = 6BD1D3AA11AE4AD200838507 /* Build configuration list for PBXNativeTarget "MIXasTest" */;
			buildPhases = (
				6BD1D3A311AE4AB300838507 /* Sources */,
				6BD1D3A411AE4AB300838507 /* Frameworks */,
			);
			buildRules = (
			);
			dependencies = (
			);
			name = MIXasTest;
			productName = MIXasTest;
			productReference = 6BD1D3A611AE4AB300838507 /* MIXasTest */;
			productType = "com.apple.product-type.tool";
		};
		6BF32E6E11A0554800AAC892 /* MIXas */ = {
			isa = PBXNativeTarget;
			buildConfigurationList = 6BF32E7311A0556600AAC892 /* Build configuration list for PBXNativeTarget "MIXas" */;
			buildPhases = (
				6BD1D3E211AE516600838507 /* ShellScript */,
				6BF32E6C11A0554800AAC892 /* Sources */,
				6BF32E6D11A0554800AAC892 /* Frameworks */,
				6BD1CFCF11ACCE8B00838507 /* CopyFiles */,
				6BD1CFCE11ACCE6D00838507 /* ShellScript */,
			);
			buildRules = (
			);
			dependencies = (
				6BD1D3E011AE515500838507 /* PBXTargetDependency */,
			);
			name = MIXas;
			productName = MIXas;
			productReference = 6BF32E6F11A0554800AAC892 /* MIXas */;
			productType = "com.apple.product-type.tool";
		};
		8DD76FA90486AB0100D96B5E /* MIXsim */ = {
			isa = PBXNativeTarget;
			buildConfigurationList = 1DEB928508733DD80010E9CD /* Build configuration list for PBXNativeTarget "MIXsim" */;
			buildPhases = (
				6B5B7482119E70390045C0B7 /* ShellScript */,
				8DD76FAB0486AB0100D96B5E /* Sources */,
				8DD76FAD0486AB0100D96B5E /* Frameworks */,
				8DD76FAF0486AB0100D96B5E /* CopyFiles */,
				6B5B74E8119F23650045C0B7 /* CopyFiles */,
				6BF32ECA11A0694000AAC892 /* ShellScript */,
				6B5B74E7119F23470045C0B7 /* ShellScript */,
			);
			buildRules = (
			);
			dependencies = (
				6B5B742A119E33B80045C0B7 /* PBXTargetDependency */,
				6B5B742C119E33B80045C0B7 /* PBXTargetDependency */,
			);
			name = MIXsim;
			productInstallPath = "$(HOME)/bin";
			productName = MIXsim;
			productReference = 8DD76FB20486AB0100D96B5E /* MIXsim */;
			productType = "com.apple.product-type.tool";
		};
/* End PBXNativeTarget section */

/* Begin PBXProject section */
		08FB7793FE84155DC02AAC07 /* Project object */ = {
			isa = PBXProject;
			buildConfigurationList = 1DEB928908733DD80010E9CD /* Build configuration list for PBXProject "MIXsim" */;
			compatibilityVersion = "Xcode 3.1";
			hasScannedForEncodings = 1;
			mainGroup = 08FB7794FE84155DC02AAC07 /* MIXsim */;
			projectDirPath = "";
			projectRoot = "";
			targets = (
				8DD76FA90486AB0100D96B5E /* MIXsim */,
				6B5B740B119E32660045C0B7 /* libMIXsim */,
				6B5B7422119E339B0045C0B7 /* libMIXsimTest */,
				6BF32E6E11A0554800AAC892 /* MIXas */,
				6BD1D3A511AE4AB300838507 /* MIXasTest */,
			);
		};
/* End PBXProject section */

/* Begin PBXShellScriptBuildPhase section */
		6B5B7482119E70390045C0B7 /* ShellScript */ = {
			isa = PBXShellScriptBuildPhase;
			buildActionMask = 2147483647;
			files = (
			);
			inputPaths = (
			);
			outputPaths = (
			);
			runOnlyForDeploymentPostprocessing = 0;
			shellPath = /bin/sh;
			shellScript = $TARGET_BUILD_DIR/libMIXsimTest;
		};
		6B5B74E7119F23470045C0B7 /* ShellScript */ = {
			isa = PBXShellScriptBuildPhase;
			buildActionMask = 2147483647;
			files = (
			);
			inputPaths = (
			);
			outputPaths = (
			);
			runOnlyForDeploymentPostprocessing = 0;
			shellPath = /bin/sh;
			shellScript = "$BUILT_PRODUCTS_DIR/MIXsim < $BUILT_PRODUCTS_DIR/program_p.mix > $BUILD_PRODUCTS_DIR/program_p.testout\ndiff $BUILT_PRODUCTS_DIR/program_p.loadtest_output $BUILD_PRODUCTS_DIR/program_p.testout\nexit 0\n";
		};
		6BD1CFCE11ACCE6D00838507 /* ShellScript */ = {
			isa = PBXShellScriptBuildPhase;
			buildActionMask = 2147483647;
			files = (
			);
			inputPaths = (
			);
			outputPaths = (
			);
			runOnlyForDeploymentPostprocessing = 0;
			shellPath = /bin/sh;
			shellScript = "$BUILT_PRODUCTS_DIR/MIXas -o $BUILT_PRODUCTS_DIR/halt.out.mix $BUILT_PRODUCTS_DIR/halt.mixal\ndiff $BUILT_PRODUCTS_DIR/halt.out.mix $BUILT_PRODUCTS_DIR/halt.mix\nexit 0\n";
		};
		6BD1D3E211AE516600838507 /* ShellScript */ = {
			isa = PBXShellScriptBuildPhase;
			buildActionMask = 2147483647;
			files = (
			);
			inputPaths = (
			);
			outputPaths = (
			);
			runOnlyForDeploymentPostprocessing = 0;
			shellPath = /bin/sh;
			shellScript = $TARGET_BUILD_DIR/MIXasTest;
		};
		6BF32ECA11A0694000AAC892 /* ShellScript */ = {
			isa = PBXShellScriptBuildPhase;
			buildActionMask = 2147483647;
			files = (
			);
			inputPaths = (
			);
			outputPaths = (
			);
			runOnlyForDeploymentPostprocessing = 0;
			shellPath = /bin/sh;
			shellScript = "$BUILT_PRODUCTS_DIR/MIXsim < $BUILT_PRODUCTS_DIR/halt.mix > $BUILD_PRODUCTS_DIR/halt.testout\ndiff $BUILT_PRODUCTS_DIR/halt.output $BUILD_PRODUCTS_DIR/halt.testout\nexit 0\n";
		};
/* End PBXShellScriptBuildPhase section */

/* Begin PBXSourcesBuildPhase section */
		6B5B7409119E32660045C0B7 /* Sources */ = {
			isa = PBXSourcesBuildPhase;
			buildActionMask = 2147483647;
			files = (
				6B2C4D8A11A21A770051952E /* mix_instr_decode.c in Sources */,
				6B5B753F119F2B440045C0B7 /* mix_word.c in Sources */,
				6B5B7528119F28B70045C0B7 /* mix_assembler.c in Sources */,
				6BF32D29119F8FA700AAC892 /* mix_machine.c in Sources */,
				6BF32F1011A077C700AAC892 /* mix_device.c in Sources */,
			);
			runOnlyForDeploymentPostprocessing = 0;
		};
		6B5B7420119E339B0045C0B7 /* Sources */ = {
			isa = PBXSourcesBuildPhase;
			buildActionMask = 2147483647;
			files = (
				6BF32D1B119F8CD900AAC892 /* MIXmachineTest.c in Sources */,
				6BF32FB211A09C4E00AAC892 /* mix_device_test.c in Sources */,
				6BF3303911A0A92C00AAC892 /* mix_instructions_test.c in Sources */,
				6B2C4D2C11A209500051952E /* mix_instr_decode_test.c in Sources */,
				6B69D76A11AA41E9007D5BA8 /* MIXsimTestMain.c in Sources */,
				6B69D77311AA4233007D5BA8 /* MIXwordTest.c in Sources */,
				6B69D77411AA4233007D5BA8 /* MIXassemblerTest.c in Sources */,
			);
			runOnlyForDeploymentPostprocessing = 0;
		};
		6BD1D3A311AE4AB300838507 /* Sources */ = {
			isa = PBXSourcesBuildPhase;
			buildActionMask = 2147483647;
			files = (
				6BD1D3C611AE4CFC00838507 /* mixal.y in Sources */,
				6BD1D3C711AE4CFC00838507 /* mixlex.c in Sources */,
				6BD1D3AE11AE4B4C00838507 /* MIXasTest.c in Sources */,
				6BD1D3B111AE4BAF00838507 /* mixlexTest.c in Sources */,
				6BB5C92911B186FD00C3E59D /* mixparseTest.c in Sources */,
				6BB5C94411B18AC700C3E59D /* mixtest_lexer_helper.c in Sources */,
			);
			runOnlyForDeploymentPostprocessing = 0;
		};
		6BF32E6C11A0554800AAC892 /* Sources */ = {
			isa = PBXSourcesBuildPhase;
			buildActionMask = 2147483647;
			files = (
				6BD1CFF111ACD00200838507 /* MIXas.c in Sources */,
				6BD1D35211AE37C200838507 /* mixal.y in Sources */,
				6BD1D38911AE45AB00838507 /* mixlex.c in Sources */,
			);
			runOnlyForDeploymentPostprocessing = 0;
		};
		8DD76FAB0486AB0100D96B5E /* Sources */ = {
			isa = PBXSourcesBuildPhase;
			buildActionMask = 2147483647;
			files = (
				8DD76FAC0486AB0100D96B5E /* MIXsim.c in Sources */,
			);
			runOnlyForDeploymentPostprocessing = 0;
		};
/* End PBXSourcesBuildPhase section */

/* Begin PBXTargetDependency section */
		6B5B7428119E33A40045C0B7 /* PBXTargetDependency */ = {
			isa = PBXTargetDependency;
			target = 6B5B740B119E32660045C0B7 /* libMIXsim */;
			targetProxy = 6B5B7427119E33A40045C0B7 /* PBXContainerItemProxy */;
		};
		6B5B742A119E33B80045C0B7 /* PBXTargetDependency */ = {
			isa = PBXTargetDependency;
			target = 6B5B740B119E32660045C0B7 /* libMIXsim */;
			targetProxy = 6B5B7429119E33B80045C0B7 /* PBXContainerItemProxy */;
		};
		6B5B742C119E33B80045C0B7 /* PBXTargetDependency */ = {
			isa = PBXTargetDependency;
			target = 6B5B7422119E339B0045C0B7 /* libMIXsimTest */;
			targetProxy = 6B5B742B119E33B80045C0B7 /* PBXContainerItemProxy */;
		};
		6BD1D3E011AE515500838507 /* PBXTargetDependency */ = {
			isa = PBXTargetDependency;
			target = 6BD1D3A511AE4AB300838507 /* MIXasTest */;
			targetProxy = 6BD1D3DF11AE515500838507 /* PBXContainerItemProxy */;
		};
/* End PBXTargetDependency section */

/* Begin XCBuildConfiguration section */
		1DEB928608733DD80010E9CD /* Debug */ = {
			isa = XCBuildConfiguration;
			buildSettings = {
				ALWAYS_SEARCH_USER_PATHS = NO;
				COPY_PHASE_STRIP = NO;
				GCC_DYNAMIC_NO_PIC = NO;
				GCC_ENABLE_FIX_AND_CONTINUE = YES;
				GCC_MODEL_TUNING = G5;
				GCC_OPTIMIZATION_LEVEL = 0;
				INSTALL_PATH = /usr/local/bin;
				PRODUCT_NAME = MIXsim;
			};
			name = Debug;
		};
		1DEB928708733DD80010E9CD /* Release */ = {
			isa = XCBuildConfiguration;
			buildSettings = {
				ALWAYS_SEARCH_USER_PATHS = NO;
				DEBUG_INFORMATION_FORMAT = "dwarf-with-dsym";
				GCC_MODEL_TUNING = G5;
				INSTALL_PATH = /usr/local/bin;
				PRODUCT_NAME = MIXsim;
			};
			name = Release;
		};
		1DEB928A08733DD80010E9CD /* Debug */ = {
			isa = XCBuildConfiguration;
			buildSettings = {
				ARCHS = "$(ARCHS_STANDARD_32_64_BIT)";
				GCC_C_LANGUAGE_STANDARD = gnu99;
				GCC_OPTIMIZATION_LEVEL = 0;
				GCC_TREAT_IMPLICIT_FUNCTION_DECLARATIONS_AS_ERRORS = YES;
				GCC_WARN_64_TO_32_BIT_CONVERSION = YES;
				GCC_WARN_ABOUT_MISSING_PROTOTYPES = YES;
				GCC_WARN_ABOUT_RETURN_TYPE = YES;
				GCC_WARN_CHECK_SWITCH_STATEMENTS = YES;
				GCC_WARN_INITIALIZER_NOT_FULLY_BRACKETED = YES;
				GCC_WARN_MISSING_PARENTHESES = YES;
				GCC_WARN_PROTOTYPE_CONVERSION = YES;
				GCC_WARN_SHADOW = YES;
				GCC_WARN_SIGN_COMPARE = YES;
				GCC_WARN_UNUSED_FUNCTION = YES;
				GCC_WARN_UNUSED_PARAMETER = NO;
				GCC_WARN_UNUSED_VALUE = YES;
				GCC_WARN_UNUSED_VARIABLE = YES;
				ONLY_ACTIVE_ARCH = YES;
				PREBINDING = NO;
				SDKROOT = macosx10.6;
			};
			name = Debug;
		};
		1DEB928B08733DD80010E9CD /* Release */ = {
			isa = XCBuildConfiguration;
			buildSettings = {
				ARCHS = "$(ARCHS_STANDARD_32_64_BIT)";
				GCC_C_LANGUAGE_STANDARD = gnu99;
				GCC_WARN_ABOUT_RETURN_TYPE = YES;
				GCC_WARN_UNUSED_VARIABLE = YES;
				PREBINDING = NO;
				SDKROOT = macosx10.6;
			};
			name = Release;
		};
		6B5B740D119E32660045C0B7 /* Debug */ = {
			isa = XCBuildConfiguration;
			buildSettings = {
				ALWAYS_SEARCH_USER_PATHS = NO;
				COPY_PHASE_STRIP = NO;
				GCC_DYNAMIC_NO_PIC = NO;
				GCC_ENABLE_FIX_AND_CONTINUE = YES;
				GCC_MODEL_TUNING = G5;
				GCC_OPTIMIZATION_LEVEL = 0;
				INSTALL_PATH = /usr/local/lib;
				PREBINDING = NO;
				PRODUCT_NAME = libMIXsim;
			};
			name = Debug;
		};
		6B5B740E119E32660045C0B7 /* Release */ = {
			isa = XCBuildConfiguration;
			buildSettings = {
				ALWAYS_SEARCH_USER_PATHS = NO;
				COPY_PHASE_STRIP = YES;
				DEBUG_INFORMATION_FORMAT = "dwarf-with-dsym";
				GCC_ENABLE_FIX_AND_CONTINUE = NO;
				GCC_MODEL_TUNING = G5;
				INSTALL_PATH = /usr/local/lib;
				PREBINDING = NO;
				PRODUCT_NAME = libMIXsim;
				ZERO_LINK = NO;
			};
			name = Release;
		};
		6B5B7425119E339C0045C0B7 /* Debug */ = {
			isa = XCBuildConfiguration;
			buildSettings = {
				ALWAYS_SEARCH_USER_PATHS = NO;
				COPY_PHASE_STRIP = NO;
				GCC_DYNAMIC_NO_PIC = NO;
				GCC_ENABLE_FIX_AND_CONTINUE = YES;
				GCC_MODEL_TUNING = G5;
				GCC_OPTIMIZATION_LEVEL = 0;
				HEADER_SEARCH_PATHS = /opt/local/include;
				INSTALL_PATH = /usr/local/bin;
				LIBRARY_SEARCH_PATHS = (
					/opt/local/lib,
					"\"$(SRCROOT)/build/Debug\"",
				);
				PREBINDING = NO;
				PRODUCT_NAME = libMIXsimTest;
				USER_HEADER_SEARCH_PATHS = unittests/;
			};
			name = Debug;
		};
		6B5B7426119E339C0045C0B7 /* Release */ = {
			isa = XCBuildConfiguration;
			buildSettings = {
				ALWAYS_SEARCH_USER_PATHS = NO;
				COPY_PHASE_STRIP = YES;
				DEBUG_INFORMATION_FORMAT = "dwarf-with-dsym";
				GCC_ENABLE_FIX_AND_CONTINUE = NO;
				GCC_MODEL_TUNING = G5;
				INSTALL_PATH = /usr/local/bin;
				LIBRARY_SEARCH_PATHS = (
					"$(inherited)",
					/opt/local/lib,
					"\"$(SRCROOT)/build/Debug\"",
				);
				PREBINDING = NO;
				PRODUCT_NAME = libMIXsimTest;
				ZERO_LINK = NO;
			};
			name = Release;
		};
		6BD1D3A811AE4AB400838507 /* Debug */ = {
			isa = XCBuildConfiguration;
			buildSettings = {
				ALWAYS_SEARCH_USER_PATHS = NO;
				COPY_PHASE_STRIP = NO;
				GCC_DYNAMIC_NO_PIC = NO;
				GCC_ENABLE_FIX_AND_CONTINUE = YES;
				GCC_MODEL_TUNING = G5;
				GCC_OPTIMIZATION_LEVEL = 0;
				HEADER_SEARCH_PATHS = /opt/local/include;
				INSTALL_PATH = /usr/local/bin;
				LIBRARY_SEARCH_PATHS = (
					"$(inherited)",
					/opt/local/lib,
				);
				PREBINDING = NO;
				PRODUCT_NAME = MIXasTest;
			};
			name = Debug;
		};
		6BD1D3A911AE4AB400838507 /* Release */ = {
			isa = XCBuildConfiguration;
			buildSettings = {
				ALWAYS_SEARCH_USER_PATHS = NO;
				COPY_PHASE_STRIP = YES;
				DEBUG_INFORMATION_FORMAT = "dwarf-with-dsym";
				GCC_ENABLE_FIX_AND_CONTINUE = NO;
				GCC_MODEL_TUNING = G5;
				INSTALL_PATH = /usr/local/bin;
				LIBRARY_SEARCH_PATHS = (
					"$(inherited)",
					/opt/local/lib,
				);
				PREBINDING = NO;
				PRODUCT_NAME = MIXasTest;
				ZERO_LINK = NO;
			};
			name = Release;
		};
		6BF32E7111A0554800AAC892 /* Debug */ = {
			isa = XCBuildConfiguration;
			buildSettings = {
				ALWAYS_SEARCH_USER_PATHS = NO;
				COPY_PHASE_STRIP = NO;
				GCC_DYNAMIC_NO_PIC = NO;
				GCC_ENABLE_FIX_AND_CONTINUE = YES;
				GCC_MODEL_TUNING = G5;
				GCC_OPTIMIZATION_LEVEL = 0;
				INSTALL_PATH = /usr/local/bin;
				PREBINDING = NO;
				PRODUCT_NAME = MIXas;
			};
			name = Debug;
		};
		6BF32E7211A0554800AAC892 /* Release */ = {
			isa = XCBuildConfiguration;
			buildSettings = {
				ALWAYS_SEARCH_USER_PATHS = NO;
				COPY_PHASE_STRIP = YES;
				DEBUG_INFORMATION_FORMAT = "dwarf-with-dsym";
				GCC_ENABLE_FIX_AND_CONTINUE = NO;
				GCC_MODEL_TUNING = G5;
				INSTALL_PATH = /usr/local/bin;
				PREBINDING = NO;
				PRODUCT_NAME = MIXas;
				ZERO_LINK = NO;
			};
			name = Release;
		};
/* End XCBuildConfiguration section */

/* Begin XCConfigurationList section */
		1DEB928508733DD80010E9CD /* Build configuration list for PBXNativeTarget "MIXsim" */ = {
			isa = XCConfigurationList;
			buildConfigurations = (
				1DEB928608733DD80010E9CD /* Debug */,
				1DEB928708733DD80010E9CD /* Release */,
			);
			defaultConfigurationIsVisible = 0;
			defaultConfigurationName = Release;
		};
		1DEB928908733DD80010E9CD /* Build configuration list for PBXProject "MIXsim" */ = {
			isa = XCConfigurationList;
			buildConfigurations = (
				1DEB928A08733DD80010E9CD /* Debug */,
				1DEB928B08733DD80010E9CD /* Release */,
			);
			defaultConfigurationIsVisible = 0;
			defaultConfigurationName = Release;
		};
		6B5B7410119E327D0045C0B7 /* Build configuration list for PBXNativeTarget "libMIXsim" */ = {
			isa = XCConfigurationList;
			buildConfigurations = (
				6B5B740D119E32660045C0B7 /* Debug */,
				6B5B740E119E32660045C0B7 /* Release */,
			);
			defaultConfigurationIsVisible = 0;
			defaultConfigurationName = Release;
		};
		6B5B7430119E33FE0045C0B7 /* Build configuration list for PBXNativeTarget "libMIXsimTest" */ = {
			isa = XCConfigurationList;
			buildConfigurations = (
				6B5B7425119E339C0045C0B7 /* Debug */,
				6B5B7426119E339C0045C0B7 /* Release */,
			);
			defaultConfigurationIsVisible = 0;
			defaultConfigurationName = Release;
		};
		6BD1D3AA11AE4AD200838507 /* Build configuration list for PBXNativeTarget "MIXasTest" */ = {
			isa = XCConfigurationList;
			buildConfigurations = (
				6BD1D3A811AE4AB400838507 /* Debug */,
				6BD1D3A911AE4AB400838507 /* Release */,
			);
			defaultConfigurationIsVisible = 0;
			defaultConfigurationName = Release;
		};
		6BF32E7311A0556600AAC892 /* Build configuration list for PBXNativeTarget "MIXas" */ = {
			isa = XCConfigurationList;
			buildConfigurations = (
				6BF32E7111A0554800AAC892 /* Debug */,
				6BF32E7211A0554800AAC892 /* Release */,
			);
			defaultConfigurationIsVisible = 0;
			defaultConfigurationName = Release;
		};
/* End XCConfigurationList section */
	};
	rootObject = 08FB7793FE84155DC02AAC07 /* Project object */;
}
